
Microsoft Visual Studio Solution File, Format Version 12.00
# Visual Studio Version 17
VisualStudioVersion = 17.11.35219.272
MinimumVisualStudioVersion = 10.0.40219.1
Project("{9A19103F-16F7-4668-BE54-9A1E7A4F7556}") = "WorldCitiesAPI", "WorldCitiesAPI\WorldCitiesAPI.csproj", "{CD53EA9E-67B1-4ED9-AAAD-97771D87AA54}"
EndProject
Project("{FAE04EC0-301F-11D3-BF4B-00C04F79EFBC}") = "WorldCitiesAPI.Tests", "WorldCitiesAPI.Tests\WorldCitiesAPI.Tests.csproj", "{D56B2433-AEE4-428B-AE4E-77EE56E54261}"
EndProject
Global
	GlobalSection(SolutionConfigurationPlatforms) = preSolution
		Debug|Any CPU = Debug|Any CPU
		Release|Any CPU = Release|Any CPU
	EndGlobalSection
	GlobalSection(ProjectConfigurationPlatforms) = postSolution
		{CD53EA9E-67B1-4ED9-AAAD-97771D87AA54}.Debug|Any CPU.ActiveCfg = Debug|Any CPU
		{CD53EA9E-67B1-4ED9-AAAD-97771D87AA54}.Debug|Any CPU.Build.0 = Debug|Any CPU
		{CD53EA9E-67B1-4ED9-AAAD-97771D87AA54}.Release|Any CPU.ActiveCfg = Release|Any CPU
		{CD53EA9E-67B1-4ED9-AAAD-97771D87AA54}.Release|Any CPU.Build.0 = Release|Any CPU
		{D56B2433-AEE4-428B-AE4E-77EE56E54261}.Debug|Any CPU.ActiveCfg = Debug|Any CPU
		{D56B2433-AEE4-428B-AE4E-77EE56E54261}.Debug|Any CPU.Build.0 = Debug|Any CPU
		{D56B2433-AEE4-428B-AE4E-77EE56E54261}.Release|Any CPU.ActiveCfg = Release|Any CPU
		{D56B2433-AEE4-428B-AE4E-77EE56E54261}.Release|Any CPU.Build.0 = Release|Any CPU
	EndGlobalSection
	GlobalSection(SolutionProperties) = preSolution
		HideSolutionNode = FALSE
	EndGlobalSection
	GlobalSection(ExtensibilityGlobals) = postSolution
		SolutionGuid = {610CE101-9373-4717-BC7E-86248535418B}
	EndGlobalSection
EndGlobal
